
Microsoft Visual Studio Solution File, Format Version 12.00
# Visual Studio 15
VisualStudioVersion = 15.0.28307.136
MinimumVisualStudioVersion = 10.0.40219.1
Project("{FAE04EC0-301F-11D3-BF4B-00C04F79EFBC}") = "lightShot", "lightShot\lightShot.csproj", "{F43DA46C-CBD8-4AEF-A22E-A8FDB10A2340}"
EndProject
Global
	GlobalSection(SolutionConfigurationPlatforms) = preSolution
		Debug|Any CPU = Debug|Any CPU
		Release|Any CPU = Release|Any CPU
	EndGlobalSection
	GlobalSection(ProjectConfigurationPlatforms) = postSolution
		{F43DA46C-CBD8-4AEF-A22E-A8FDB10A2340}.Debug|Any CPU.ActiveCfg = Debug|Any CPU
		{F43DA46C-CBD8-4AEF-A22E-A8FDB10A2340}.Debug|Any CPU.Build.0 = Debug|Any CPU
		{F43DA46C-CBD8-4AEF-A22E-A8FDB10A2340}.Release|Any CPU.ActiveCfg = Release|Any CPU
		{F43DA46C-CBD8-4AEF-A22E-A8FDB10A2340}.Release|Any CPU.Build.0 = Release|Any CPU
	EndGlobalSection
	GlobalSection(SolutionProperties) = preSolution
		HideSolutionNode = FALSE
	EndGlobalSection
	GlobalSection(ExtensibilityGlobals) = postSolution
		SolutionGuid = {D00259DE-7916-4843-A99A-35056DD8BAC1}
	EndGlobalSection
EndGlobal
